// !$*UTF8*$!
{
	archiveVersion = 1;
	classes = {
	};
	objectVersion = 46;
	objects = {

/* Begin PBXBuildFile section */
		CE8AD370193E6A810029B15D /* AppDelegate.swift in Sources */ = {isa = PBXBuildFile; fileRef = CE8AD36F193E6A810029B15D /* AppDelegate.swift */; };
		CE8AD372193E6A810029B15D /* Images.xcassets in Resources */ = {isa = PBXBuildFile; fileRef = CE8AD371193E6A810029B15D /* Images.xcassets */; };
		CE8AD37E193E6A810029B15D /* SuchSwiftTests.swift in Sources */ = {isa = PBXBuildFile; fileRef = CE8AD37D193E6A810029B15D /* SuchSwiftTests.swift */; };
		CE8AD38A193E6AAF0029B15D /* SSWViewController.swift in Sources */ = {isa = PBXBuildFile; fileRef = CE8AD389193E6AAF0029B15D /* SSWViewController.swift */; };
		CE8AD38C193E6ABC0029B15D /* SSWData.swift in Sources */ = {isa = PBXBuildFile; fileRef = CE8AD38B193E6ABC0029B15D /* SSWData.swift */; };
/* End PBXBuildFile section */

/* Begin PBXContainerItemProxy section */
		CE8AD378193E6A810029B15D /* PBXContainerItemProxy */ = {
			isa = PBXContainerItemProxy;
			containerPortal = CE8AD362193E6A810029B15D /* Project object */;
			proxyType = 1;
			remoteGlobalIDString = CE8AD369193E6A810029B15D;
			remoteInfo = SuchSwift;
		};
/* End PBXContainerItemProxy section */

/* Begin PBXFileReference section */
		CE8AD36A193E6A810029B15D /* SuchSwift.app */ = {isa = PBXFileReference; explicitFileType = wrapper.application; includeInIndex = 0; path = SuchSwift.app; sourceTree = BUILT_PRODUCTS_DIR; };
		CE8AD36E193E6A810029B15D /* Info.plist */ = {isa = PBXFileReference; lastKnownFileType = text.plist.xml; path = Info.plist; sourceTree = "<group>"; };
		CE8AD36F193E6A810029B15D /* AppDelegate.swift */ = {isa = PBXFileReference; lastKnownFileType = sourcecode.swift; path = AppDelegate.swift; sourceTree = "<group>"; };
		CE8AD371193E6A810029B15D /* Images.xcassets */ = {isa = PBXFileReference; lastKnownFileType = folder.assetcatalog; path = Images.xcassets; sourceTree = "<group>"; };
		CE8AD377193E6A810029B15D /* SuchSwiftTests.xctest */ = {isa = PBXFileReference; explicitFileType = wrapper.cfbundle; includeInIndex = 0; path = SuchSwiftTests.xctest; sourceTree = BUILT_PRODUCTS_DIR; };
		CE8AD37C193E6A810029B15D /* Info.plist */ = {isa = PBXFileReference; lastKnownFileType = text.plist.xml; path = Info.plist; sourceTree = "<group>"; };
		CE8AD37D193E6A810029B15D /* SuchSwiftTests.swift */ = {isa = PBXFileReference; lastKnownFileType = sourcecode.swift; path = SuchSwiftTests.swift; sourceTree = "<group>"; };
		CE8AD389193E6AAF0029B15D /* SSWViewController.swift */ = {isa = PBXFileReference; fileEncoding = 4; lastKnownFileType = sourcecode.swift; path = SSWViewController.swift; sourceTree = "<group>"; };
		CE8AD38B193E6ABC0029B15D /* SSWData.swift */ = {isa = PBXFileReference; fileEncoding = 4; lastKnownFileType = sourcecode.swift; path = SSWData.swift; sourceTree = "<group>"; };
/* End PBXFileReference section */

/* Begin PBXFrameworksBuildPhase section */
		CE8AD367193E6A810029B15D /* Frameworks */ = {
			isa = PBXFrameworksBuildPhase;
			buildActionMask = 2147483647;
			files = (
			);
			runOnlyForDeploymentPostprocessing = 0;
		};
		CE8AD374193E6A810029B15D /* Frameworks */ = {
			isa = PBXFrameworksBuildPhase;
			buildActionMask = 2147483647;
			files = (
			);
			runOnlyForDeploymentPostprocessing = 0;
		};
/* End PBXFrameworksBuildPhase section */

/* Begin PBXGroup section */
		CE8AD361193E6A810029B15D = {
			isa = PBXGroup;
			children = (
				CE8AD389193E6AAF0029B15D /* SSWViewController.swift */,
				CE8AD38B193E6ABC0029B15D /* SSWData.swift */,
				CE8AD36C193E6A810029B15D /* SuchSwift */,
				CE8AD37A193E6A810029B15D /* SuchSwiftTests */,
				CE8AD36B193E6A810029B15D /* Products */,
			);
			sourceTree = "<group>";
		};
		CE8AD36B193E6A810029B15D /* Products */ = {
			isa = PBXGroup;
			children = (
				CE8AD36A193E6A810029B15D /* SuchSwift.app */,
				CE8AD377193E6A810029B15D /* SuchSwiftTests.xctest */,
			);
			name = Products;
			sourceTree = "<group>";
		};
		CE8AD36C193E6A810029B15D /* SuchSwift */ = {
			isa = PBXGroup;
			children = (
				CE8AD36F193E6A810029B15D /* AppDelegate.swift */,
				CE8AD371193E6A810029B15D /* Images.xcassets */,
				CE8AD36D193E6A810029B15D /* Supporting Files */,
			);
			path = SuchSwift;
			sourceTree = "<group>";
		};
		CE8AD36D193E6A810029B15D /* Supporting Files */ = {
			isa = PBXGroup;
			children = (
				CE8AD36E193E6A810029B15D /* Info.plist */,
			);
			name = "Supporting Files";
			sourceTree = "<group>";
		};
		CE8AD37A193E6A810029B15D /* SuchSwiftTests */ = {
			isa = PBXGroup;
			children = (
				CE8AD37D193E6A810029B15D /* SuchSwiftTests.swift */,
				CE8AD37B193E6A810029B15D /* Supporting Files */,
			);
			path = SuchSwiftTests;
			sourceTree = "<group>";
		};
		CE8AD37B193E6A810029B15D /* Supporting Files */ = {
			isa = PBXGroup;
			children = (
				CE8AD37C193E6A810029B15D /* Info.plist */,
			);
			name = "Supporting Files";
			sourceTree = "<group>";
		};
/* End PBXGroup section */

/* Begin PBXNativeTarget section */
		CE8AD369193E6A810029B15D /* SuchSwift */ = {
			isa = PBXNativeTarget;
			buildConfigurationList = CE8AD381193E6A810029B15D /* Build configuration list for PBXNativeTarget "SuchSwift" */;
			buildPhases = (
				CE8AD366193E6A810029B15D /* Sources */,
				CE8AD367193E6A810029B15D /* Frameworks */,
				CE8AD368193E6A810029B15D /* Resources */,
			);
			buildRules = (
			);
			dependencies = (
			);
			name = SuchSwift;
			productName = SuchSwift;
			productReference = CE8AD36A193E6A810029B15D /* SuchSwift.app */;
			productType = "com.apple.product-type.application";
		};
		CE8AD376193E6A810029B15D /* SuchSwiftTests */ = {
			isa = PBXNativeTarget;
			buildConfigurationList = CE8AD384193E6A810029B15D /* Build configuration list for PBXNativeTarget "SuchSwiftTests" */;
			buildPhases = (
				CE8AD373193E6A810029B15D /* Sources */,
				CE8AD374193E6A810029B15D /* Frameworks */,
				CE8AD375193E6A810029B15D /* Resources */,
			);
			buildRules = (
			);
			dependencies = (
				CE8AD379193E6A810029B15D /* PBXTargetDependency */,
			);
			name = SuchSwiftTests;
			productName = SuchSwiftTests;
			productReference = CE8AD377193E6A810029B15D /* SuchSwiftTests.xctest */;
			productType = "com.apple.product-type.bundle.unit-test";
		};
/* End PBXNativeTarget section */

/* Begin PBXProject section */
		CE8AD362193E6A810029B15D /* Project object */ = {
			isa = PBXProject;
			attributes = {
				LastUpgradeCheck = 0600;
				ORGANIZATIONNAME = "Tyler Rasor";
				TargetAttributes = {
					CE8AD369193E6A810029B15D = {
						CreatedOnToolsVersion = 6.0;
					};
					CE8AD376193E6A810029B15D = {
						CreatedOnToolsVersion = 6.0;
						TestTargetID = CE8AD369193E6A810029B15D;
					};
				};
			};
			buildConfigurationList = CE8AD365193E6A810029B15D /* Build configuration list for PBXProject "SuchSwift" */;
			compatibilityVersion = "Xcode 3.2";
			developmentRegion = English;
			hasScannedForEncodings = 0;
			knownRegions = (
				en,
			);
			mainGroup = CE8AD361193E6A810029B15D;
			productRefGroup = CE8AD36B193E6A810029B15D /* Products */;
			projectDirPath = "";
			projectRoot = "";
			targets = (
				CE8AD369193E6A810029B15D /* SuchSwift */,
				CE8AD376193E6A810029B15D /* SuchSwiftTests */,
			);
		};
/* End PBXProject section */

/* Begin PBXResourcesBuildPhase section */
		CE8AD368193E6A810029B15D /* Resources */ = {
			isa = PBXResourcesBuildPhase;
			buildActionMask = 2147483647;
			files = (
				CE8AD372193E6A810029B15D /* Images.xcassets in Resources */,
			);
			runOnlyForDeploymentPostprocessing = 0;
		};
		CE8AD375193E6A810029B15D /* Resources */ = {
			isa = PBXResourcesBuildPhase;
			buildActionMask = 2147483647;
			files = (
			);
			runOnlyForDeploymentPostprocessing = 0;
		};
/* End PBXResourcesBuildPhase section */

/* Begin PBXSourcesBuildPhase section */
		CE8AD366193E6A810029B15D /* Sources */ = {
			isa = PBXSourcesBuildPhase;
			buildActionMask = 2147483647;
			files = (
				CE8AD38C193E6ABC0029B15D /* SSWData.swift in Sources */,
				CE8AD38A193E6AAF0029B15D /* SSWViewController.swift in Sources */,
				CE8AD370193E6A810029B15D /* AppDelegate.swift in Sources */,
			);
			runOnlyForDeploymentPostprocessing = 0;
		};
		CE8AD373193E6A810029B15D /* Sources */ = {
			isa = PBXSourcesBuildPhase;
			buildActionMask = 2147483647;
			files = (
				CE8AD37E193E6A810029B15D /* SuchSwiftTests.swift in Sources */,
			);
			runOnlyForDeploymentPostprocessing = 0;
		};
/* End PBXSourcesBuildPhase section */

/* Begin PBXTargetDependency section */
		CE8AD379193E6A810029B15D /* PBXTargetDependency */ = {
			isa = PBXTargetDependency;
			target = CE8AD369193E6A810029B15D /* SuchSwift */;
			targetProxy = CE8AD378193E6A810029B15D /* PBXContainerItemProxy */;
		};
/* End PBXTargetDependency section */

/* Begin XCBuildConfiguration section */
		CE8AD37F193E6A810029B15D /* Debug */ = {
			isa = XCBuildConfiguration;
			buildSettings = {
				ALWAYS_SEARCH_USER_PATHS = NO;
				CLANG_CXX_LANGUAGE_STANDARD = "gnu++0x";
				CLANG_CXX_LIBRARY = "libc++";
				CLANG_ENABLE_MODULES = YES;
				CLANG_ENABLE_OBJC_ARC = YES;
				CLANG_WARN_BOOL_CONVERSION = YES;
				CLANG_WARN_CONSTANT_CONVERSION = YES;
				CLANG_WARN_DIRECT_OBJC_ISA_USAGE = YES_ERROR;
				CLANG_WARN_EMPTY_BODY = YES;
				CLANG_WARN_ENUM_CONVERSION = YES;
				CLANG_WARN_INT_CONVERSION = YES;
				CLANG_WARN_OBJC_ROOT_CLASS = YES_ERROR;
				CLANG_WARN_UNREACHABLE_CODE = YES;
				CLANG_WARN__DUPLICATE_METHOD_MATCH = YES;
				"CODE_SIGN_IDENTITY[sdk=iphoneos*]" = "iPhone Developer";
				COPY_PHASE_STRIP = NO;
				ENABLE_STRICT_OBJC_MSGSEND = YES;
				GCC_C_LANGUAGE_STANDARD = gnu99;
				GCC_DYNAMIC_NO_PIC = NO;
				GCC_OPTIMIZATION_LEVEL = 0;
				GCC_PREPROCESSOR_DEFINITIONS = (
					"DEBUG=1",
					"$(inherited)",
				);
				GCC_SYMBOLS_PRIVATE_EXTERN = NO;
				GCC_WARN_64_TO_32_BIT_CONVERSION = YES;
				GCC_WARN_ABOUT_RETURN_TYPE = YES_ERROR;
				GCC_WARN_UNDECLARED_SELECTOR = YES;
				GCC_WARN_UNINITIALIZED_AUTOS = YES_AGGRESSIVE;
				GCC_WARN_UNUSED_FUNCTION = YES;
				GCC_WARN_UNUSED_VARIABLE = YES;
				IPHONEOS_DEPLOYMENT_TARGET = 8.0;
				METAL_ENABLE_DEBUG_INFO = YES;
				ONLY_ACTIVE_ARCH = YES;
				SDKROOT = iphoneos;
				SWIFT_OPTIMIZATION_LEVEL = "-Onone";
			};
			name = Debug;
		};
		CE8AD380193E6A810029B15D /* Release */ = {
			isa = XCBuildConfiguration;
			buildSettings = {
				ALWAYS_SEARCH_USER_PATHS = NO;
				CLANG_CXX_LANGUAGE_STANDARD = "gnu++0x";
				CLANG_CXX_LIBRARY = "libc++";
				CLANG_ENABLE_MODULES = YES;
				CLANG_ENABLE_OBJC_ARC = YES;
				CLANG_WARN_BOOL_CONVERSION = YES;
				CLANG_WARN_CONSTANT_CONVERSION = YES;
				CLANG_WARN_DIRECT_OBJC_ISA_USAGE = YES_ERROR;
				CLANG_WARN_EMPTY_BODY = YES;
				CLANG_WARN_ENUM_CONVERSION = YES;
				CLANG_WARN_INT_CONVERSION = YES;
				CLANG_WARN_OBJC_ROOT_CLASS = YES_ERROR;
				CLANG_WARN_UNREACHABLE_CODE = YES;
				CLANG_WARN__DUPLICATE_METHOD_MATCH = YES;
				"CODE_SIGN_IDENTITY[sdk=iphoneos*]" = "iPhone Developer";
				COPY_PHASE_STRIP = YES;
				ENABLE_NS_ASSERTIONS = NO;
				ENABLE_STRICT_OBJC_MSGSEND = YES;
				GCC_C_LANGUAGE_STANDARD = gnu99;
				GCC_WARN_64_TO_32_BIT_CONVERSION = YES;
				GCC_WARN_ABOUT_RETURN_TYPE = YES_ERROR;
				GCC_WARN_UNDECLARED_SELECTOR = YES;
				GCC_WARN_UNINITIALIZED_AUTOS = YES_AGGRESSIVE;
				GCC_WARN_UNUSED_FUNCTION = YES;
				GCC_WARN_UNUSED_VARIABLE = YES;
				IPHONEOS_DEPLOYMENT_TARGET = 8.0;
				METAL_ENABLE_DEBUG_INFO = NO;
				SDKROOT = iphoneos;
				VALIDATE_PRODUCT = YES;
			};
			name = Release;
		};
		CE8AD382193E6A810029B15D /* Debug */ = {
			isa = XCBuildConfiguration;
			buildSettings = {
				ASSETCATALOG_COMPILER_APPICON_NAME = AppIcon;
				ASSETCATALOG_COMPILER_LAUNCHIMAGE_NAME = LaunchImage;
				INFOPLIST_FILE = SuchSwift/Info.plist;
				LD_RUNPATH_SEARCH_PATHS = "$(inherited) @executable_path/Frameworks";
				PRODUCT_NAME = "$(TARGET_NAME)";
			};
			name = Debug;
		};
		CE8AD383193E6A810029B15D /* Release */ = {
			isa = XCBuildConfiguration;
			buildSettings = {
				ASSETCATALOG_COMPILER_APPICON_NAME = AppIcon;
				ASSETCATALOG_COMPILER_LAUNCHIMAGE_NAME = LaunchImage;
				INFOPLIST_FILE = SuchSwift/Info.plist;
				LD_RUNPATH_SEARCH_PATHS = "$(inherited) @executable_path/Frameworks";
				PRODUCT_NAME = "$(TARGET_NAME)";
			};
			name = Release;
		};
		CE8AD385193E6A810029B15D /* Debug */ = {
			isa = XCBuildConfiguration;
			buildSettings = {
				BUNDLE_LOADER = "$(BUILT_PRODUCTS_DIR)/SuchSwift.app/SuchSwift";
				FRAMEWORK_SEARCH_PATHS = (
					"$(SDKROOT)/Developer/Library/Frameworks",
					"$(inherited)",
				);
				GCC_PREPROCESSOR_DEFINITIONS = (
					"DEBUG=1",
					"$(inherited)",
				);
				INFOPLIST_FILE = SuchSwiftTests/Info.plist;
				LD_RUNPATH_SEARCH_PATHS = "$(inherited) @executable_path/Frameworks @loader_path/Frameworks";
				METAL_ENABLE_DEBUG_INFO = YES;
				PRODUCT_NAME = "$(TARGET_NAME)";
				TEST_HOST = "$(BUNDLE_LOADER)";
			};
			name = Debug;
		};
		CE8AD386193E6A810029B15D /* Release */ = {
			isa = XCBuildConfiguration;
			buildSettings = {
				BUNDLE_LOADER = "$(BUILT_PRODUCTS_DIR)/SuchSwift.app/SuchSwift";
				FRAMEWORK_SEARCH_PATHS = (
					"$(SDKROOT)/Developer/Library/Frameworks",
					"$(inherited)",
				);
				INFOPLIST_FILE = SuchSwiftTests/Info.plist;
				LD_RUNPATH_SEARCH_PATHS = "$(inherited) @executable_path/Frameworks @loader_path/Frameworks";
				METAL_ENABLE_DEBUG_INFO = NO;
				PRODUCT_NAME = "$(TARGET_NAME)";
				TEST_HOST = "$(BUNDLE_LOADER)";
			};
			name = Release;
		};
/* End XCBuildConfiguration section */

/* Begin XCConfigurationList section */
		CE8AD365193E6A810029B15D /* Build configuration list for PBXProject "SuchSwift" */ = {
			isa = XCConfigurationList;
			buildConfigurations = (
				CE8AD37F193E6A810029B15D /* Debug */,
				CE8AD380193E6A810029B15D /* Release */,
			);
			defaultConfigurationIsVisible = 0;
			defaultConfigurationName = Release;
		};
		CE8AD381193E6A810029B15D /* Build configuration list for PBXNativeTarget "SuchSwift" */ = {
			isa = XCConfigurationList;
			buildConfigurations = (
				CE8AD382193E6A810029B15D /* Debug */,
				CE8AD383193E6A810029B15D /* Release */,
			);
			defaultConfigurationIsVisible = 0;
		};
		CE8AD384193E6A810029B15D /* Build configuration list for PBXNativeTarget "SuchSwiftTests" */ = {
			isa = XCConfigurationList;
			buildConfigurations = (
				CE8AD385193E6A810029B15D /* Debug */,
				CE8AD386193E6A810029B15D /* Release */,
			);
			defaultConfigurationIsVisible = 0;
		};
/* End XCConfigurationList section */
	};
	rootObject = CE8AD362193E6A810029B15D /* Project object */;
}
